// !$*UTF8*$!
{
	archiveVersion = 1;
	classes = {
	};
	objectVersion = 55;
	objects = {

/* Begin PBXBuildFile section */
		BC42EDF928149CEE0066DAB2 /* AppDelegate.swift in Sources */ = {isa = PBXBuildFile; fileRef = BC42EDF828149CEE0066DAB2 /* AppDelegate.swift */; };
		BC42EDFB28149CEE0066DAB2 /* SceneDelegate.swift in Sources */ = {isa = PBXBuildFile; fileRef = BC42EDFA28149CEE0066DAB2 /* SceneDelegate.swift */; };
		BC42EDFD28149CEE0066DAB2 /* ViewController.swift in Sources */ = {isa = PBXBuildFile; fileRef = BC42EDFC28149CEE0066DAB2 /* ViewController.swift */; };
		BC42EE0028149CEE0066DAB2 /* Main.storyboard in Resources */ = {isa = PBXBuildFile; fileRef = BC42EDFE28149CEE0066DAB2 /* Main.storyboard */; };
		BC42EE0528149CEF0066DAB2 /* LaunchScreen.storyboard in Resources */ = {isa = PBXBuildFile; fileRef = BC42EE0328149CEF0066DAB2 /* LaunchScreen.storyboard */; };
		BC42EE0D28149E280066DAB2 /* Animations.swift in Sources */ = {isa = PBXBuildFile; fileRef = BC42EE0C28149E280066DAB2 /* Animations.swift */; };
		E238E1344D4D96B68731C50F /* libPods-2.9 HW Animation.a in Frameworks */ = {isa = PBXBuildFile; fileRef = D0119E75C5586D782C31164F /* libPods-2.9 HW Animation.a */; };
/* End PBXBuildFile section */

/* Begin PBXFileReference section */
		1C6F4061F573F6C9616031E9 /* Pods-2.9 HW Animation.release.xcconfig */ = {isa = PBXFileReference; includeInIndex = 1; lastKnownFileType = text.xcconfig; name = "Pods-2.9 HW Animation.release.xcconfig"; path = "Target Support Files/Pods-2.9 HW Animation/Pods-2.9 HW Animation.release.xcconfig"; sourceTree = "<group>"; };
		BC42EDF528149CEE0066DAB2 /* 2.9 HW Animation.app */ = {isa = PBXFileReference; explicitFileType = wrapper.application; includeInIndex = 0; path = "2.9 HW Animation.app"; sourceTree = BUILT_PRODUCTS_DIR; };
		BC42EDF828149CEE0066DAB2 /* AppDelegate.swift */ = {isa = PBXFileReference; lastKnownFileType = sourcecode.swift; path = AppDelegate.swift; sourceTree = "<group>"; };
		BC42EDFA28149CEE0066DAB2 /* SceneDelegate.swift */ = {isa = PBXFileReference; lastKnownFileType = sourcecode.swift; path = SceneDelegate.swift; sourceTree = "<group>"; };
		BC42EDFC28149CEE0066DAB2 /* ViewController.swift */ = {isa = PBXFileReference; lastKnownFileType = sourcecode.swift; path = ViewController.swift; sourceTree = "<group>"; };
		BC42EDFF28149CEE0066DAB2 /* Base */ = {isa = PBXFileReference; lastKnownFileType = file.storyboard; name = Base; path = Base.lproj/Main.storyboard; sourceTree = "<group>"; };
		BC42EE0128149CEF0066DAB2 /* Assets.xcassets */ = {isa = PBXFileReference; lastKnownFileType = folder.assetcatalog; path = Assets.xcassets; sourceTree = "<group>"; };
		BC42EE0428149CEF0066DAB2 /* Base */ = {isa = PBXFileReference; lastKnownFileType = file.storyboard; name = Base; path = Base.lproj/LaunchScreen.storyboard; sourceTree = "<group>"; };
		BC42EE0628149CEF0066DAB2 /* Info.plist */ = {isa = PBXFileReference; lastKnownFileType = text.plist.xml; path = Info.plist; sourceTree = "<group>"; };
		BC42EE0C28149E280066DAB2 /* Animations.swift */ = {isa = PBXFileReference; lastKnownFileType = sourcecode.swift; path = Animations.swift; sourceTree = "<group>"; };
		C03BED6B8B2EB166AC007B2F /* Pods-2.9 HW Animation.debug.xcconfig */ = {isa = PBXFileReference; includeInIndex = 1; lastKnownFileType = text.xcconfig; name = "Pods-2.9 HW Animation.debug.xcconfig"; path = "Target Support Files/Pods-2.9 HW Animation/Pods-2.9 HW Animation.debug.xcconfig"; sourceTree = "<group>"; };
		D0119E75C5586D782C31164F /* libPods-2.9 HW Animation.a */ = {isa = PBXFileReference; explicitFileType = archive.ar; includeInIndex = 0; path = "libPods-2.9 HW Animation.a"; sourceTree = BUILT_PRODUCTS_DIR; };
/* End PBXFileReference section */

/* Begin PBXFrameworksBuildPhase section */
		BC42EDF228149CEE0066DAB2 /* Frameworks */ = {
			isa = PBXFrameworksBuildPhase;
			buildActionMask = 2147483647;
			files = (
				E238E1344D4D96B68731C50F /* libPods-2.9 HW Animation.a in Frameworks */,
			);
			runOnlyForDeploymentPostprocessing = 0;
		};
/* End PBXFrameworksBuildPhase section */

/* Begin PBXGroup section */
		2BA94C7023604AA5D22D2DDD /* Pods */ = {
			isa = PBXGroup;
			children = (
				C03BED6B8B2EB166AC007B2F /* Pods-2.9 HW Animation.debug.xcconfig */,
				1C6F4061F573F6C9616031E9 /* Pods-2.9 HW Animation.release.xcconfig */,
			);
			path = Pods;
			sourceTree = "<group>";
		};
		9627A920834FC165E4F7F7FD /* Frameworks */ = {
			isa = PBXGroup;
			children = (
				D0119E75C5586D782C31164F /* libPods-2.9 HW Animation.a */,
			);
			name = Frameworks;
			sourceTree = "<group>";
		};
		BC42EDEC28149CEE0066DAB2 = {
			isa = PBXGroup;
			children = (
				BC42EDF728149CEE0066DAB2 /* 2.9 HW Animation */,
				BC42EDF628149CEE0066DAB2 /* Products */,
				2BA94C7023604AA5D22D2DDD /* Pods */,
				9627A920834FC165E4F7F7FD /* Frameworks */,
			);
			sourceTree = "<group>";
		};
		BC42EDF628149CEE0066DAB2 /* Products */ = {
			isa = PBXGroup;
			children = (
				BC42EDF528149CEE0066DAB2 /* 2.9 HW Animation.app */,
			);
			name = Products;
			sourceTree = "<group>";
		};
		BC42EDF728149CEE0066DAB2 /* 2.9 HW Animation */ = {
			isa = PBXGroup;
			children = (
				BC42EE0E28149E4F0066DAB2 /* Models */,
				BC42EE1228149E9E0066DAB2 /* App */,
				BC42EE1028149E7C0066DAB2 /* ViewControllers */,
				BC42EE0F28149E600066DAB2 /* StoryBoards */,
				BC42EE1128149E8C0066DAB2 /* Resourses */,
				BC42EE0628149CEF0066DAB2 /* Info.plist */,
			);
			path = "2.9 HW Animation";
			sourceTree = "<group>";
		};
		BC42EE0E28149E4F0066DAB2 /* Models */ = {
			isa = PBXGroup;
			children = (
				BC42EE0C28149E280066DAB2 /* Animations.swift */,
			);
			path = Models;
			sourceTree = "<group>";
		};
		BC42EE0F28149E600066DAB2 /* StoryBoards */ = {
			isa = PBXGroup;
			children = (
				BC42EE0328149CEF0066DAB2 /* LaunchScreen.storyboard */,
				BC42EDFE28149CEE0066DAB2 /* Main.storyboard */,
			);
			path = StoryBoards;
			sourceTree = "<group>";
		};
		BC42EE1028149E7C0066DAB2 /* ViewControllers */ = {
			isa = PBXGroup;
			children = (
				BC42EDFC28149CEE0066DAB2 /* ViewController.swift */,
			);
			path = ViewControllers;
			sourceTree = "<group>";
		};
		BC42EE1128149E8C0066DAB2 /* Resourses */ = {
			isa = PBXGroup;
			children = (
				BC42EE0128149CEF0066DAB2 /* Assets.xcassets */,
			);
			path = Resourses;
			sourceTree = "<group>";
		};
		BC42EE1228149E9E0066DAB2 /* App */ = {
			isa = PBXGroup;
			children = (
				BC42EDF828149CEE0066DAB2 /* AppDelegate.swift */,
				BC42EDFA28149CEE0066DAB2 /* SceneDelegate.swift */,
			);
			path = App;
			sourceTree = "<group>";
		};
/* End PBXGroup section */

/* Begin PBXNativeTarget section */
		BC42EDF428149CEE0066DAB2 /* 2.9 HW Animation */ = {
			isa = PBXNativeTarget;
			buildConfigurationList = BC42EE0928149CEF0066DAB2 /* Build configuration list for PBXNativeTarget "2.9 HW Animation" */;
			buildPhases = (
				46F1E30973ECD3078DF551B5 /* [CP] Check Pods Manifest.lock */,
				BC42EDF128149CEE0066DAB2 /* Sources */,
				BC42EDF228149CEE0066DAB2 /* Frameworks */,
				BC42EDF328149CEE0066DAB2 /* Resources */,
				3B59C2968C1E04E01C8C3A5F /* [CP] Copy Pods Resources */,
			);
			buildRules = (
			);
			dependencies = (
			);
			name = "2.9 HW Animation";
			productName = "2.9 HW Animation";
			productReference = BC42EDF528149CEE0066DAB2 /* 2.9 HW Animation.app */;
			productType = "com.apple.product-type.application";
		};
/* End PBXNativeTarget section */

/* Begin PBXProject section */
		BC42EDED28149CEE0066DAB2 /* Project object */ = {
			isa = PBXProject;
			attributes = {
				BuildIndependentTargetsInParallel = 1;
				LastSwiftUpdateCheck = 1320;
				LastUpgradeCheck = 1320;
				TargetAttributes = {
					BC42EDF428149CEE0066DAB2 = {
						CreatedOnToolsVersion = 13.2.1;
					};
				};
			};
			buildConfigurationList = BC42EDF028149CEE0066DAB2 /* Build configuration list for PBXProject "2.9 HW Animation" */;
			compatibilityVersion = "Xcode 13.0";
			developmentRegion = en;
			hasScannedForEncodings = 0;
			knownRegions = (
				en,
				Base,
			);
			mainGroup = BC42EDEC28149CEE0066DAB2;
			productRefGroup = BC42EDF628149CEE0066DAB2 /* Products */;
			projectDirPath = "";
			projectRoot = "";
			targets = (
				BC42EDF428149CEE0066DAB2 /* 2.9 HW Animation */,
			);
		};
/* End PBXProject section */

/* Begin PBXResourcesBuildPhase section */
		BC42EDF328149CEE0066DAB2 /* Resources */ = {
			isa = PBXResourcesBuildPhase;
			buildActionMask = 2147483647;
			files = (
				BC42EE0528149CEF0066DAB2 /* LaunchScreen.storyboard in Resources */,
				BC42EE0028149CEE0066DAB2 /* Main.storyboard in Resources */,
			);
			runOnlyForDeploymentPostprocessing = 0;
		};
/* End PBXResourcesBuildPhase section */

/* Begin PBXShellScriptBuildPhase section */
		3B59C2968C1E04E01C8C3A5F /* [CP] Copy Pods Resources */ = {
			isa = PBXShellScriptBuildPhase;
			buildActionMask = 2147483647;
			files = (
			);
			inputFileListPaths = (
				"${PODS_ROOT}/Target Support Files/Pods-2.9 HW Animation/Pods-2.9 HW Animation-resources-${CONFIGURATION}-input-files.xcfilelist",
			);
			name = "[CP] Copy Pods Resources";
			outputFileListPaths = (
				"${PODS_ROOT}/Target Support Files/Pods-2.9 HW Animation/Pods-2.9 HW Animation-resources-${CONFIGURATION}-output-files.xcfilelist",
			);
			runOnlyForDeploymentPostprocessing = 0;
			shellPath = /bin/sh;
			shellScript = "\"${PODS_ROOT}/Target Support Files/Pods-2.9 HW Animation/Pods-2.9 HW Animation-resources.sh\"\n";
			showEnvVarsInLog = 0;
		};
		46F1E30973ECD3078DF551B5 /* [CP] Check Pods Manifest.lock */ = {
			isa = PBXShellScriptBuildPhase;
			buildActionMask = 2147483647;
			files = (
			);
			inputFileListPaths = (
			);
			inputPaths = (
				"${PODS_PODFILE_DIR_PATH}/Podfile.lock",
				"${PODS_ROOT}/Manifest.lock",
			);
			name = "[CP] Check Pods Manifest.lock";
			outputFileListPaths = (
			);
			outputPaths = (
				"$(DERIVED_FILE_DIR)/Pods-2.9 HW Animation-checkManifestLockResult.txt",
			);
			runOnlyForDeploymentPostprocessing = 0;
			shellPath = /bin/sh;
			shellScript = "diff \"${PODS_PODFILE_DIR_PATH}/Podfile.lock\" \"${PODS_ROOT}/Manifest.lock\" > /dev/null\nif [ $? != 0 ] ; then\n    # print error to STDERR\n    echo \"error: The sandbox is not in sync with the Podfile.lock. Run 'pod install' or update your CocoaPods installation.\" >&2\n    exit 1\nfi\n# This output is used by Xcode 'outputs' to avoid re-running this script phase.\necho \"SUCCESS\" > \"${SCRIPT_OUTPUT_FILE_0}\"\n";
			showEnvVarsInLog = 0;
		};
/* End PBXShellScriptBuildPhase section */

/* Begin PBXSourcesBuildPhase section */
		BC42EDF128149CEE0066DAB2 /* Sources */ = {
			isa = PBXSourcesBuildPhase;
			buildActionMask = 2147483647;
			files = (
				BC42EDFD28149CEE0066DAB2 /* ViewController.swift in Sources */,
				BC42EDF928149CEE0066DAB2 /* AppDelegate.swift in Sources */,
				BC42EE0D28149E280066DAB2 /* Animations.swift in Sources */,
				BC42EDFB28149CEE0066DAB2 /* SceneDelegate.swift in Sources */,
			);
			runOnlyForDeploymentPostprocessing = 0;
		};
/* End PBXSourcesBuildPhase section */

/* Begin PBXVariantGroup section */
		BC42EDFE28149CEE0066DAB2 /* Main.storyboard */ = {
			isa = PBXVariantGroup;
			children = (
				BC42EDFF28149CEE0066DAB2 /* Base */,
			);
			name = Main.storyboard;
			sourceTree = "<group>";
		};
		BC42EE0328149CEF0066DAB2 /* LaunchScreen.storyboard */ = {
			isa = PBXVariantGroup;
			children = (
				BC42EE0428149CEF0066DAB2 /* Base */,
			);
			name = LaunchScreen.storyboard;
			sourceTree = "<group>";
		};
/* End PBXVariantGroup section */

/* Begin XCBuildConfiguration section */
		BC42EE0728149CEF0066DAB2 /* Debug */ = {
			isa = XCBuildConfiguration;
			buildSettings = {
				ALWAYS_SEARCH_USER_PATHS = NO;
				CLANG_ANALYZER_NONNULL = YES;
				CLANG_ANALYZER_NUMBER_OBJECT_CONVERSION = YES_AGGRESSIVE;
				CLANG_CXX_LANGUAGE_STANDARD = "gnu++17";
				CLANG_CXX_LIBRARY = "libc++";
				CLANG_ENABLE_MODULES = YES;
				CLANG_ENABLE_OBJC_ARC = YES;
				CLANG_ENABLE_OBJC_WEAK = YES;
				CLANG_WARN_BLOCK_CAPTURE_AUTORELEASING = YES;
				CLANG_WARN_BOOL_CONVERSION = YES;
				CLANG_WARN_COMMA = YES;
				CLANG_WARN_CONSTANT_CONVERSION = YES;
				CLANG_WARN_DEPRECATED_OBJC_IMPLEMENTATIONS = YES;
				CLANG_WARN_DIRECT_OBJC_ISA_USAGE = YES_ERROR;
				CLANG_WARN_DOCUMENTATION_COMMENTS = YES;
				CLANG_WARN_EMPTY_BODY = YES;
				CLANG_WARN_ENUM_CONVERSION = YES;
				CLANG_WARN_INFINITE_RECURSION = YES;
				CLANG_WARN_INT_CONVERSION = YES;
				CLANG_WARN_NON_LITERAL_NULL_CONVERSION = YES;
				CLANG_WARN_OBJC_IMPLICIT_RETAIN_SELF = YES;
				CLANG_WARN_OBJC_LITERAL_CONVERSION = YES;
				CLANG_WARN_OBJC_ROOT_CLASS = YES_ERROR;
				CLANG_WARN_QUOTED_INCLUDE_IN_FRAMEWORK_HEADER = YES;
				CLANG_WARN_RANGE_LOOP_ANALYSIS = YES;
				CLANG_WARN_STRICT_PROTOTYPES = YES;
				CLANG_WARN_SUSPICIOUS_MOVE = YES;
				CLANG_WARN_UNGUARDED_AVAILABILITY = YES_AGGRESSIVE;
				CLANG_WARN_UNREACHABLE_CODE = YES;
				CLANG_WARN__DUPLICATE_METHOD_MATCH = YES;
				COPY_PHASE_STRIP = NO;
				DEBUG_INFORMATION_FORMAT = dwarf;
				ENABLE_STRICT_OBJC_MSGSEND = YES;
				ENABLE_TESTABILITY = YES;
				GCC_C_LANGUAGE_STANDARD = gnu11;
				GCC_DYNAMIC_NO_PIC = NO;
				GCC_NO_COMMON_BLOCKS = YES;
				GCC_OPTIMIZATION_LEVEL = 0;
				GCC_PREPROCESSOR_DEFINITIONS = (
					"DEBUG=1",
					"$(inherited)",
				);
				GCC_WARN_64_TO_32_BIT_CONVERSION = YES;
				GCC_WARN_ABOUT_RETURN_TYPE = YES_ERROR;
				GCC_WARN_UNDECLARED_SELECTOR = YES;
				GCC_WARN_UNINITIALIZED_AUTOS = YES_AGGRESSIVE;
				GCC_WARN_UNUSED_FUNCTION = YES;
				GCC_WARN_UNUSED_VARIABLE = YES;
				IPHONEOS_DEPLOYMENT_TARGET = 15.2;
				MTL_ENABLE_DEBUG_INFO = INCLUDE_SOURCE;
				MTL_FAST_MATH = YES;
				ONLY_ACTIVE_ARCH = YES;
				SDKROOT = iphoneos;
				SWIFT_ACTIVE_COMPILATION_CONDITIONS = DEBUG;
				SWIFT_OPTIMIZATION_LEVEL = "-Onone";
			};
			name = Debug;
		};
		BC42EE0828149CEF0066DAB2 /* Release */ = {
			isa = XCBuildConfiguration;
			buildSettings = {
				ALWAYS_SEARCH_USER_PATHS = NO;
				CLANG_ANALYZER_NONNULL = YES;
				CLANG_ANALYZER_NUMBER_OBJECT_CONVERSION = YES_AGGRESSIVE;
				CLANG_CXX_LANGUAGE_STANDARD = "gnu++17";
				CLANG_CXX_LIBRARY = "libc++";
				CLANG_ENABLE_MODULES = YES;
				CLANG_ENABLE_OBJC_ARC = YES;
				CLANG_ENABLE_OBJC_WEAK = YES;
				CLANG_WARN_BLOCK_CAPTURE_AUTORELEASING = YES;
				CLANG_WARN_BOOL_CONVERSION = YES;
				CLANG_WARN_COMMA = YES;
				CLANG_WARN_CONSTANT_CONVERSION = YES;
				CLANG_WARN_DEPRECATED_OBJC_IMPLEMENTATIONS = YES;
				CLANG_WARN_DIRECT_OBJC_ISA_USAGE = YES_ERROR;
				CLANG_WARN_DOCUMENTATION_COMMENTS = YES;
				CLANG_WARN_EMPTY_BODY = YES;
				CLANG_WARN_ENUM_CONVERSION = YES;
				CLANG_WARN_INFINITE_RECURSION = YES;
				CLANG_WARN_INT_CONVERSION = YES;
				CLANG_WARN_NON_LITERAL_NULL_CONVERSION = YES;
				CLANG_WARN_OBJC_IMPLICIT_RETAIN_SELF = YES;
				CLANG_WARN_OBJC_LITERAL_CONVERSION = YES;
				CLANG_WARN_OBJC_ROOT_CLASS = YES_ERROR;
				CLANG_WARN_QUOTED_INCLUDE_IN_FRAMEWORK_HEADER = YES;
				CLANG_WARN_RANGE_LOOP_ANALYSIS = YES;
				CLANG_WARN_STRICT_PROTOTYPES = YES;
				CLANG_WARN_SUSPICIOUS_MOVE = YES;
				CLANG_WARN_UNGUARDED_AVAILABILITY = YES_AGGRESSIVE;
				CLANG_WARN_UNREACHABLE_CODE = YES;
				CLANG_WARN__DUPLICATE_METHOD_MATCH = YES;
				COPY_PHASE_STRIP = NO;
				DEBUG_INFORMATION_FORMAT = "dwarf-with-dsym";
				ENABLE_NS_ASSERTIONS = NO;
				ENABLE_STRICT_OBJC_MSGSEND = YES;
				GCC_C_LANGUAGE_STANDARD = gnu11;
				GCC_NO_COMMON_BLOCKS = YES;
				GCC_WARN_64_TO_32_BIT_CONVERSION = YES;
				GCC_WARN_ABOUT_RETURN_TYPE = YES_ERROR;
				GCC_WARN_UNDECLARED_SELECTOR = YES;
				GCC_WARN_UNINITIALIZED_AUTOS = YES_AGGRESSIVE;
				GCC_WARN_UNUSED_FUNCTION = YES;
				GCC_WARN_UNUSED_VARIABLE = YES;
				IPHONEOS_DEPLOYMENT_TARGET = 15.2;
				MTL_ENABLE_DEBUG_INFO = NO;
				MTL_FAST_MATH = YES;
				SDKROOT = iphoneos;
				SWIFT_COMPILATION_MODE = wholemodule;
				SWIFT_OPTIMIZATION_LEVEL = "-O";
				VALIDATE_PRODUCT = YES;
			};
			name = Release;
		};
		BC42EE0A28149CEF0066DAB2 /* Debug */ = {
			isa = XCBuildConfiguration;
			baseConfigurationReference = C03BED6B8B2EB166AC007B2F /* Pods-2.9 HW Animation.debug.xcconfig */;
			buildSettings = {
				ASSETCATALOG_COMPILER_APPICON_NAME = AppIcon;
				ASSETCATALOG_COMPILER_GLOBAL_ACCENT_COLOR_NAME = AccentColor;
				CODE_SIGN_STYLE = Automatic;
				CURRENT_PROJECT_VERSION = 1;
				DEVELOPMENT_TEAM = J9VF8UL9WD;
				GENERATE_INFOPLIST_FILE = YES;
				INFOPLIST_FILE = "2.9 HW Animation/Info.plist";
				INFOPLIST_KEY_UIApplicationSupportsIndirectInputEvents = YES;
				INFOPLIST_KEY_UILaunchStoryboardName = LaunchScreen;
				INFOPLIST_KEY_UIMainStoryboardFile = Main;
				INFOPLIST_KEY_UISupportedInterfaceOrientations_iPad = "UIInterfaceOrientationPortrait UIInterfaceOrientationPortraitUpsideDown UIInterfaceOrientationLandscapeLeft UIInterfaceOrientationLandscapeRight";
				INFOPLIST_KEY_UISupportedInterfaceOrientations_iPhone = "UIInterfaceOrientationPortrait UIInterfaceOrientationLandscapeLeft UIInterfaceOrientationLandscapeRight";
				LD_RUNPATH_SEARCH_PATHS = (
					"$(inherited)",
					"@executable_path/Frameworks",
				);
				MARKETING_VERSION = 1.0;
				PRODUCT_BUNDLE_IDENTIFIER = "ssteall.--9-HW-Animation";
				PRODUCT_NAME = "$(TARGET_NAME)";
				SWIFT_EMIT_LOC_STRINGS = YES;
				SWIFT_VERSION = 5.0;
				TARGETED_DEVICE_FAMILY = "1,2";
			};
			name = Debug;
		};
		BC42EE0B28149CEF0066DAB2 /* Release */ = {
			isa = XCBuildConfiguration;
			baseConfigurationReference = 1C6F4061F573F6C9616031E9 /* Pods-2.9 HW Animation.release.xcconfig */;
			buildSettings = {
				ASSETCATALOG_COMPILER_APPICON_NAME = AppIcon;
				ASSETCATALOG_COMPILER_GLOBAL_ACCENT_COLOR_NAME = AccentColor;
				CODE_SIGN_STYLE = Automatic;
				CURRENT_PROJECT_VERSION = 1;
				DEVELOPMENT_TEAM = J9VF8UL9WD;
				GENERATE_INFOPLIST_FILE = YES;
				INFOPLIST_FILE = "2.9 HW Animation/Info.plist";
				INFOPLIST_KEY_UIApplicationSupportsIndirectInputEvents = YES;
				INFOPLIST_KEY_UILaunchStoryboardName = LaunchScreen;
				INFOPLIST_KEY_UIMainStoryboardFile = Main;
				INFOPLIST_KEY_UISupportedInterfaceOrientations_iPad = "UIInterfaceOrientationPortrait UIInterfaceOrientationPortraitUpsideDown UIInterfaceOrientationLandscapeLeft UIInterfaceOrientationLandscapeRight";
				INFOPLIST_KEY_UISupportedInterfaceOrientations_iPhone = "UIInterfaceOrientationPortrait UIInterfaceOrientationLandscapeLeft UIInterfaceOrientationLandscapeRight";
				LD_RUNPATH_SEARCH_PATHS = (
					"$(inherited)",
					"@executable_path/Frameworks",
				);
				MARKETING_VERSION = 1.0;
				PRODUCT_BUNDLE_IDENTIFIER = "ssteall.--9-HW-Animation";
				PRODUCT_NAME = "$(TARGET_NAME)";
				SWIFT_EMIT_LOC_STRINGS = YES;
				SWIFT_VERSION = 5.0;
				TARGETED_DEVICE_FAMILY = "1,2";
			};
			name = Release;
		};
/* End XCBuildConfiguration section */

/* Begin XCConfigurationList section */
		BC42EDF028149CEE0066DAB2 /* Build configuration list for PBXProject "2.9 HW Animation" */ = {
			isa = XCConfigurationList;
			buildConfigurations = (
				BC42EE0728149CEF0066DAB2 /* Debug */,
				BC42EE0828149CEF0066DAB2 /* Release */,
			);
			defaultConfigurationIsVisible = 0;
			defaultConfigurationName = Release;
		};
		BC42EE0928149CEF0066DAB2 /* Build configuration list for PBXNativeTarget "2.9 HW Animation" */ = {
			isa = XCConfigurationList;
			buildConfigurations = (
				BC42EE0A28149CEF0066DAB2 /* Debug */,
				BC42EE0B28149CEF0066DAB2 /* Release */,
			);
			defaultConfigurationIsVisible = 0;
			defaultConfigurationName = Release;
		};
/* End XCConfigurationList section */
	};
	rootObject = BC42EDED28149CEE0066DAB2 /* Project object */;
}
